
Microsoft Visual Studio Solution File, Format Version 12.00
# Visual Studio 15
VisualStudioVersion = 15.0.28010.2048
MinimumVisualStudioVersion = 10.0.40219.1
Project("{FAE04EC0-301F-11D3-BF4B-00C04F79EFBC}") = "Hospital", "Hospital\Hospital.csproj", "{59E7A37C-C873-462C-A420-5A05C6A0587C}"
EndProject
Global
	GlobalSection(SolutionConfigurationPlatforms) = preSolution
		Debug|Any CPU = Debug|Any CPU
		Release|Any CPU = Release|Any CPU
	EndGlobalSection
	GlobalSection(ProjectConfigurationPlatforms) = postSolution
		{59E7A37C-C873-462C-A420-5A05C6A0587C}.Debug|Any CPU.ActiveCfg = Debug|Any CPU
		{59E7A37C-C873-462C-A420-5A05C6A0587C}.Debug|Any CPU.Build.0 = Debug|Any CPU
		{59E7A37C-C873-462C-A420-5A05C6A0587C}.Release|Any CPU.ActiveCfg = Release|Any CPU
		{59E7A37C-C873-462C-A420-5A05C6A0587C}.Release|Any CPU.Build.0 = Release|Any CPU
	EndGlobalSection
	GlobalSection(SolutionProperties) = preSolution
		HideSolutionNode = FALSE
	EndGlobalSection
	GlobalSection(ExtensibilityGlobals) = postSolution
		SolutionGuid = {7FE15B6C-9F62-46CC-921A-4A46737C6F91}
	EndGlobalSection
EndGlobal
